
Microsoft Visual Studio Solution File, Format Version 12.00
# Visual Studio Version 16
VisualStudioVersion = 16.0.31321.278
MinimumVisualStudioVersion = 10.0.40219.1
Project("{FAE04EC0-301F-11D3-BF4B-00C04F79EFBC}") = "QuanLyBanThuoc", "QuanLyBanThuoc\QuanLyBanThuoc.csproj", "{97FBDC4A-A474-4E75-AB0B-633BB2C38A3F}"
EndProject
Global
	GlobalSection(SolutionConfigurationPlatforms) = preSolution
		Debug|Any CPU = Debug|Any CPU
		Release|Any CPU = Release|Any CPU
	EndGlobalSection
	GlobalSection(ProjectConfigurationPlatforms) = postSolution
		{97FBDC4A-A474-4E75-AB0B-633BB2C38A3F}.Debug|Any CPU.ActiveCfg = Debug|Any CPU
		{97FBDC4A-A474-4E75-AB0B-633BB2C38A3F}.Debug|Any CPU.Build.0 = Debug|Any CPU
		{97FBDC4A-A474-4E75-AB0B-633BB2C38A3F}.Release|Any CPU.ActiveCfg = Release|Any CPU
		{97FBDC4A-A474-4E75-AB0B-633BB2C38A3F}.Release|Any CPU.Build.0 = Release|Any CPU
	EndGlobalSection
	GlobalSection(SolutionProperties) = preSolution
		HideSolutionNode = FALSE
	EndGlobalSection
	GlobalSection(ExtensibilityGlobals) = postSolution
		SolutionGuid = {06A775FB-E3F2-405D-BCE4-5BEAB564E41A}
	EndGlobalSection
EndGlobal
